version: 7
platforms:
- name: osx-arm64
  virtual-packages:
  - __unix=0=0
  - __osx=13.0
  - __archspec=0=m1
environments:
  default:
    channels:
    - url: https://conda.anaconda.org/conda-forge/
    indexes:
    - https://pypi.org/simple
    packages:
      osx-arm64:
      - conda: https://conda.anaconda.org/conda-forge/noarch/ca-certificates-2026.7.22-hbd8a1cb_0.conda
      - conda: https://conda.anaconda.org/conda-forge/noarch/cycler-0.12.1-pyhcf101f3_2.conda
      - conda: https://conda.anaconda.org/conda-forge/noarch/font-ttf-dejavu-sans-mono-2.37-hab24e00_0.tar.bz2
      - conda: https://conda.anaconda.org/conda-forge/noarch/font-ttf-inconsolata-3.000-h77eed37_0.tar.bz2
      - conda: https://conda.anaconda.org/conda-forge/noarch/font-ttf-source-code-pro-2.038-h77eed37_0.tar.bz2
      - conda: https://conda.anaconda.org/conda-forge/noarch/font-ttf-ubuntu-0.83-h77eed37_3.conda
      - conda: https://conda.anaconda.org/conda-forge/noarch/fonts-conda-ecosystem-1-0.tar.bz2
      - conda: https://conda.anaconda.org/conda-forge/noarch/fonts-conda-forge-1-hc364b38_1.conda
      - conda: https://conda.anaconda.org/conda-forge/noarch/munkres-1.1.4-pyhd8ed1ab_1.conda
      - conda: https://conda.anaconda.org/conda-forge/noarch/packaging-26.3-pyhc364b38_0.conda
      - conda: https://conda.anaconda.org/conda-forge/noarch/pyparsing-3.3.2-pyhcf101f3_0.conda
      - conda: https://conda.anaconda.org/conda-forge/noarch/python-dateutil-2.9.0.post0-pyhe01879c_2.conda
      - conda: https://conda.anaconda.org/conda-forge/noarch/python_abi-3.13-9_cp313.conda
      - conda: https://conda.anaconda.org/conda-forge/noarch/six-1.17.0-pyhe01879c_1.conda
      - conda: https://conda.anaconda.org/conda-forge/noarch/tzdata-2026c-h151e31d_0.conda
      - conda: https://conda.anaconda.org/conda-forge/osx-arm64/_openmp_mutex-4.5-8_kmp_llvm.conda
      - conda: https://conda.anaconda.org/conda-forge/osx-arm64/brotli-1.2.0-hf00d406_4.conda
      - conda: https://conda.anaconda.org/conda-forge/osx-arm64/brotli-bin-1.2.0-he4a93e4_4.conda
      - conda: https://conda.anaconda.org/conda-forge/osx-arm64/bzip2-1.0.8-h4e30115_10.conda
      - conda: https://conda.anaconda.org/conda-forge/osx-arm64/cairo-1.18.4-h580cee5_3.conda
      - conda: https://conda.anaconda.org/conda-forge/osx-arm64/contourpy-1.4.0-py313hcb059c8_1.conda
      - conda: https://conda.anaconda.org/conda-forge/osx-arm64/fontconfig-2.18.3-h81aa574_1.conda
      - conda: https://conda.anaconda.org/conda-forge/osx-arm64/fonttools-4.65.0-py313h8c536fb_0.conda
      - conda: https://conda.anaconda.org/conda-forge/osx-arm64/freetype-2.14.3-hce30654_2.conda
      - conda: https://conda.anaconda.org/conda-forge/osx-arm64/fribidi-1.0.16-hb001647_2.conda
      - conda: https://conda.anaconda.org/conda-forge/osx-arm64/graphite2-1.3.15-h784d473_1.conda
      - conda: https://conda.anaconda.org/conda-forge/osx-arm64/icu-78.3-py310h579977c_2.conda
      - conda: https://conda.anaconda.org/conda-forge/osx-arm64/kiwisolver-1.5.1-py313h738389e_1.conda
      - conda: https://conda.anaconda.org/conda-forge/osx-arm64/lcms2-2.19.1-hce41798_3.conda
      - conda: https://conda.anaconda.org/conda-forge/osx-arm64/lerc-4.2.0-h1eee2c3_0.conda
      - conda: https://conda.anaconda.org/conda-forge/osx-arm64/libblas-3.11.0-11_h51639a9_openblas.conda
      - conda: https://conda.anaconda.org/conda-forge/osx-arm64/libbrotlicommon-1.2.0-h1dcdb26_4.conda
      - conda: https://conda.anaconda.org/conda-forge/osx-arm64/libbrotlidec-1.2.0-h5295a6a_4.conda
      - conda: https://conda.anaconda.org/conda-forge/osx-arm64/libbrotlienc-1.2.0-h2ddc9cb_4.conda
      - conda: https://conda.anaconda.org/conda-forge/osx-arm64/libcblas-3.11.0-11_hb0561ab_openblas.conda
      - conda: https://conda.anaconda.org/conda-forge/osx-arm64/libcxx-23.1.1-h55c6f16_0.conda
      - conda: https://conda.anaconda.org/conda-forge/osx-arm64/libdeflate-1.25-he7e0567_1.conda
      - conda: https://conda.anaconda.org/conda-forge/osx-arm64/libexpat-2.8.1-hf6b4638_1.conda
      - conda: https://conda.anaconda.org/conda-forge/osx-arm64/libffi-3.7.0-h47dc5ef_1.conda
      - conda: https://conda.anaconda.org/conda-forge/osx-arm64/libfreetype-2.14.3-hce30654_2.conda
      - conda: https://conda.anaconda.org/conda-forge/osx-arm64/libfreetype6-2.14.3-h2ed5691_2.conda
      - conda: https://conda.anaconda.org/conda-forge/osx-arm64/libgcc-16.2.0-h3cf6597_5.conda
      - conda: https://conda.anaconda.org/conda-forge/osx-arm64/libgfortran-16.2.0-h07b0088_5.conda
      - conda: https://conda.anaconda.org/conda-forge/osx-arm64/libgfortran5-16.2.0-hdb7a957_5.conda
      - conda: https://conda.anaconda.org/conda-forge/osx-arm64/libglib-2.90.0-hccd281b_0.conda
      - conda: https://conda.anaconda.org/conda-forge/osx-arm64/libharfbuzz-14.4.0-hcda0f7c_1.conda
      - conda: https://conda.anaconda.org/conda-forge/osx-arm64/libiconv-1.18-he4c29f2_3.conda
      - conda: https://conda.anaconda.org/conda-forge/osx-arm64/libintl-0.25.1-h493aca8_0.conda
      - conda: https://conda.anaconda.org/conda-forge/osx-arm64/libjpeg-turbo-3.2.0-h84a0fba_1.conda
      - conda: https://conda.anaconda.org/conda-forge/osx-arm64/liblapack-3.11.0-11_hd9741b5_openblas.conda
      - conda: https://conda.anaconda.org/conda-forge/osx-arm64/liblzma-5.8.3-h8088a28_1.conda
      - conda: https://conda.anaconda.org/conda-forge/osx-arm64/libmpdec-4.0.0-h84a0fba_2.conda
      - conda: https://conda.anaconda.org/conda-forge/osx-arm64/libopenblas-0.3.34-openmp_h5e6e99c_1.conda
      - conda: https://conda.anaconda.org/conda-forge/osx-arm64/libpng-1.6.58-hf5e6511_1.conda
      - conda: https://conda.anaconda.org/conda-forge/osx-arm64/libpython-3.13.15-hb350d79_103_cp313.conda
      - conda: https://conda.anaconda.org/conda-forge/osx-arm64/libraqm-0.11.0-h45af499_0.conda
      - conda: https://conda.anaconda.org/conda-forge/osx-arm64/libsqlite-3.53.4-hca69786_1.conda
      - conda: https://conda.anaconda.org/conda-forge/osx-arm64/libtiff-4.7.2-hf67920b_1.conda
      - conda: https://conda.anaconda.org/conda-forge/osx-arm64/libwebp-base-1.6.0-h202fb40_1.conda
      - conda: https://conda.anaconda.org/conda-forge/osx-arm64/libxcb-1.17.0-hbffa61f_2.conda
      - conda: https://conda.anaconda.org/conda-forge/osx-arm64/libzlib-1.3.2-h8088a28_3.conda
      - conda: https://conda.anaconda.org/conda-forge/osx-arm64/llvm-openmp-23.1.1-hdb3d66b_0.conda
      - conda: https://conda.anaconda.org/conda-forge/osx-arm64/matplotlib-3.11.2-py313h8db8848_1.conda
      - conda: https://conda.anaconda.org/conda-forge/osx-arm64/matplotlib-base-3.11.2-py313h6702c6e_1.conda
      - conda: https://conda.anaconda.org/conda-forge/osx-arm64/ncurses-6.6-he64c551_1.conda
      - conda: https://conda.anaconda.org/conda-forge/osx-arm64/numpy-2.5.3-py313h24c19cf_0.conda
      - conda: https://conda.anaconda.org/conda-forge/osx-arm64/openjpeg-2.5.4-h4d1e80c_2.conda
      - conda: https://conda.anaconda.org/conda-forge/osx-arm64/openssl-3.6.4-h55eecbc_0.conda
      - conda: https://conda.anaconda.org/conda-forge/osx-arm64/pandas-3.0.5-py313h1188861_1.conda
      - conda: https://conda.anaconda.org/conda-forge/osx-arm64/pcre2-10.47-he63d830_1.conda
      - conda: https://conda.anaconda.org/conda-forge/osx-arm64/pillow-12.3.0-py313h4ede67f_4.conda
      - conda: https://conda.anaconda.org/conda-forge/osx-arm64/pixman-0.46.4-h784d473_3.conda
      - conda: https://conda.anaconda.org/conda-forge/osx-arm64/pthread-stubs-0.4-hb001647_1004.conda
      - conda: https://conda.anaconda.org/conda-forge/osx-arm64/python-3.13.15-hb59dee6_103_cp313.conda
      - conda: https://conda.anaconda.org/conda-forge/osx-arm64/qhull-2020.2-h420ef59_5.conda
      - conda: https://conda.anaconda.org/conda-forge/osx-arm64/readline-8.3-h8b90a29_1.conda
      - conda: https://conda.anaconda.org/conda-forge/osx-arm64/tk-8.6.13-hbeba79b_4.conda
      - conda: https://conda.anaconda.org/conda-forge/osx-arm64/tornado-6.5.8-py313hf5449f0_2.conda
      - conda: https://conda.anaconda.org/conda-forge/osx-arm64/xorg-libxau-1.0.12-hb001647_2.conda
      - conda: https://conda.anaconda.org/conda-forge/osx-arm64/xorg-libxdmcp-1.1.5-hb001647_2.conda
      - conda: https://conda.anaconda.org/conda-forge/osx-arm64/zlib-ng-2.3.3-h31dac16_1.conda
      - conda: https://conda.anaconda.org/conda-forge/osx-arm64/zstd-1.5.7-hf451053_7.conda
      - pypi: https://files.pythonhosted.org/packages/58/50/6c0d534c5f134586a8e1ba4e330569e32f057e33372ae556463212fb4cd3/click-8.5.0-py3-none-any.whl
packages:
- conda: https://conda.anaconda.org/conda-forge/noarch/ca-certificates-2026.7.22-hbd8a1cb_0.conda
  sha256: 0a0544cf95f64394fe4959286f5c71f5444ad58feb0602e53becb27448d24da6
  md5: 0f51e2391ade309db462a55611263e9c
  depends:
  - __unix
  license: ISC
  purls: []
  run_exports: {}
  size: 131780
  timestamp: 1784754889428
- conda: https://conda.anaconda.org/conda-forge/noarch/cycler-0.12.1-pyhcf101f3_2.conda
  sha256: bb47aec5338695ff8efbddbc669064a3b10fe34ad881fb8ad5d64fbfa6910ed1
  md5: 4c2a8fef270f6c69591889b93f9f55c1
  depends:
  - python >=3.10
  - python
  license: BSD-3-Clause
  license_family: BSD
  purls:
  - pkg:pypi/cycler?source=hash-mapping
  run_exports: {}
  size: 14778
  timestamp: 1764466758386
- conda: https://conda.anaconda.org/conda-forge/noarch/font-ttf-dejavu-sans-mono-2.37-hab24e00_0.tar.bz2
  sha256: 58d7f40d2940dd0a8aa28651239adbf5613254df0f75789919c4e6762054403b
  md5: 0c96522c6bdaed4b1566d11387caaf45
  license: BSD-3-Clause
  license_family: BSD
  purls: []
  run_exports: {}
  size: 397370
  timestamp: 1566932522327
- conda: https://conda.anaconda.org/conda-forge/noarch/font-ttf-inconsolata-3.000-h77eed37_0.tar.bz2
  sha256: c52a29fdac682c20d252facc50f01e7c2e7ceac52aa9817aaf0bb83f7559ec5c
  md5: 34893075a5c9e55cdafac56607368fc6
  license: OFL-1.1
  license_family: Other
  purls: []
  run_exports: {}
  size: 96530
  timestamp: 1620479909603
- conda: https://conda.anaconda.org/conda-forge/noarch/font-ttf-source-code-pro-2.038-h77eed37_0.tar.bz2
  sha256: 00925c8c055a2275614b4d983e1df637245e19058d79fc7dd1a93b8d9fb4b139
  md5: 4d59c254e01d9cde7957100457e2d5fb
  license: OFL-1.1
  license_family: Other
  purls: []
  run_exports: {}
  size: 700814
  timestamp: 1620479612257
- conda: https://conda.anaconda.org/conda-forge/noarch/font-ttf-ubuntu-0.83-h77eed37_3.conda
  sha256: 2821ec1dc454bd8b9a31d0ed22a7ce22422c0aef163c59f49dfdf915d0f0ca14
  md5: 49023d73832ef61042f6a237cb2687e7
  license: LicenseRef-Ubuntu-Font-Licence-Version-1.0
  license_family: Other
  purls: []
  run_exports: {}
  size: 1620504
  timestamp: 1727511233259
- conda: https://conda.anaconda.org/conda-forge/noarch/fonts-conda-ecosystem-1-0.tar.bz2
  sha256: a997f2f1921bb9c9d76e6fa2f6b408b7fa549edd349a77639c9fe7a23ea93e61
  md5: fee5683a3f04bd15cbd8318b096a27ab
  depends:
  - fonts-conda-forge
  license: BSD-3-Clause
  license_family: BSD
  purls: []
  run_exports: {}
  size: 3667
  timestamp: 1566974674465
- conda: https://conda.anaconda.org/conda-forge/noarch/fonts-conda-forge-1-hc364b38_1.conda
  sha256: 54eea8469786bc2291cc40bca5f46438d3e062a399e8f53f013b6a9f50e98333
  md5: a7970cd949a077b7cb9696379d338681
  depends:
  - font-ttf-ubuntu
  - font-ttf-inconsolata
  - font-ttf-dejavu-sans-mono
  - font-ttf-source-code-pro
  license: BSD-3-Clause
  license_family: BSD
  purls: []
  run_exports: {}
  size: 4059
  timestamp: 1762351264405
- conda: https://conda.anaconda.org/conda-forge/noarch/munkres-1.1.4-pyhd8ed1ab_1.conda
  sha256: d09c47c2cf456de5c09fa66d2c3c5035aa1fa228a1983a433c47b876aa16ce90
  md5: 37293a85a0f4f77bbd9cf7aaefc62609
  depends:
  - python >=3.9
  license: Apache-2.0
  license_family: Apache
  purls:
  - pkg:pypi/munkres?source=hash-mapping
  run_exports: {}
  size: 15851
  timestamp: 1749895533014
- conda: https://conda.anaconda.org/conda-forge/noarch/packaging-26.3-pyhc364b38_0.conda
  sha256: c432626b16768b8dab228bfb706f7060c2d462a21c516d240f68f2f902b5a044
  md5: 936687ed80f295a1f5dbcf8bd34c252c
  depends:
  - python >=3.9
  - python
  license: Apache-2.0
  license_family: APACHE
  purls:
  - pkg:pypi/packaging?source=hash-mapping
  run_exports: {}
  size: 116363
  timestamp: 1785888127370
- conda: https://conda.anaconda.org/conda-forge/noarch/pyparsing-3.3.2-pyhcf101f3_0.conda
  sha256: 417fba4783e528ee732afa82999300859b065dc59927344b4859c64aae7182de
  md5: 3687cc0b82a8b4c17e1f0eb7e47163d5
  depends:
  - python >=3.10
  - python
  license: MIT
  license_family: MIT
  purls:
  - pkg:pypi/pyparsing?source=hash-mapping
  run_exports: {}
  size: 110893
  timestamp: 1769003998136
- conda: https://conda.anaconda.org/conda-forge/noarch/python-dateutil-2.9.0.post0-pyhe01879c_2.conda
  sha256: d6a17ece93bbd5139e02d2bd7dbfa80bee1a4261dced63f65f679121686bf664
  md5: 5b8d21249ff20967101ffa321cab24e8
  depends:
  - python >=3.9
  - six >=1.5
  - python
  license: Apache-2.0
  license_family: APACHE
  purls:
  - pkg:pypi/python-dateutil?source=hash-mapping
  run_exports: {}
  size: 233310
  timestamp: 1751104122689
- conda: https://conda.anaconda.org/conda-forge/noarch/python_abi-3.13-9_cp313.conda
  build_number: 9
  sha256: 9dc0cb6a20ebc7e9bcd8c6868f2bec083c114b0ba20b7118405c036533d5c522
  md5: c5abc97af551bc12d71305852392f75c
  constrains:
  - python 3.13.* *_cp313
  license: BSD-3-Clause
  license_family: BSD
  purls: []
  run_exports: {}
  size: 6769
  timestamp: 1788302828005
- conda: https://conda.anaconda.org/conda-forge/noarch/six-1.17.0-pyhe01879c_1.conda
  sha256: 458227f759d5e3fcec5d9b7acce54e10c9e1f4f4b7ec978f3bfd54ce4ee9853d
  md5: 3339e3b65d58accf4ca4fb8748ab16b3
  depends:
  - python >=3.9
  - python
  license: MIT
  license_family: MIT
  purls:
  - pkg:pypi/six?source=hash-mapping
  run_exports: {}
  size: 18455
  timestamp: 1753199211006
- conda: https://conda.anaconda.org/conda-forge/noarch/tzdata-2026c-h151e31d_0.conda
  sha256: b928c30ddcb0e3f544c6eade8352737e6e610e263276b90232db6a578ef899d8
  md5: fcb489df604d100968b737f2cb6076c6
  license: LicenseRef-Public-Domain
  purls: []
  run_exports: {}
  size: 118849
  timestamp: 1784250406640
- conda: https://conda.anaconda.org/conda-forge/osx-arm64/_openmp_mutex-4.5-8_kmp_llvm.conda
  build_number: 8
  sha256: c7c98ce74f6a7ff25aaa4706d06fa41d63a333add4d697b73aa4d8d2d7ad7651
  md5: a2d706b4a7d603524133037c34f7fb76
  depends:
  - llvm-openmp >=9.0.1
  license: BSD-3-Clause
  license_family: BSD
  purls: []
  run_exports:
    weak:
    - _openmp_mutex >=4.5
  size: 8016
  timestamp: 1788046437162
- conda: https://conda.anaconda.org/conda-forge/osx-arm64/brotli-1.2.0-hf00d406_4.conda
  sha256: 14d8592fefabdc35055b857925fd47b375cb202a15a2914e94dfbbed4fd82c64
  md5: e32ad50b0f977e3fa616a578a2643e46
  depends:
  - __osx >=11.0
  - brotli-bin 1.2.0 he4a93e4_4
  - libbrotlidec 1.2.0 h5295a6a_4
  - libbrotlienc 1.2.0 h2ddc9cb_4
  license: MIT
  license_family: MIT
  purls: []
  run_exports:
    weak:
    - libbrotlicommon >=1.2.0,<1.3.0a0
    - libbrotlienc >=1.2.0,<1.3.0a0
    - libbrotlidec >=1.2.0,<1.3.0a0
  size: 20609
  timestamp: 1788480374173
- conda: https://conda.anaconda.org/conda-forge/osx-arm64/brotli-bin-1.2.0-he4a93e4_4.conda
  sha256: f95bc05d7733d1c78a2077e83c5a05235f8b743b6e2e977c688cdba4d56c4537
  md5: d065d0732d02ace747059c3d58338fcd
  depends:
  - __osx >=11.0
  - libbrotlidec 1.2.0 h5295a6a_4
  - libbrotlienc 1.2.0 h2ddc9cb_4
  license: MIT
  license_family: MIT
  purls: []
  run_exports: {}
  size: 18849
  timestamp: 1788480367234
- conda: https://conda.anaconda.org/conda-forge/osx-arm64/bzip2-1.0.8-h4e30115_10.conda
  sha256: 8ec22f0ba25cbfc2e64d70cf29459eccd7ffdf6436f6a6ff15bbfef799f7d4f6
  md5: b50612e7d190b8061ab4e7dc119cf4d5
  depends:
  - __osx >=11.0
  license: bzip2-1.0.6
  license_family: BSD
  purls: []
  run_exports:
    weak:
    - bzip2 >=1.0.8,<2.0a0
  size: 124965
  timestamp: 1785906749812
- conda: https://conda.anaconda.org/conda-forge/osx-arm64/cairo-1.18.4-h580cee5_3.conda
  sha256: 07f86bbc50ff910689afdd8a417df6e329646b9424343f3202e32efda9e08acf
  md5: bd8c9c43ff83b23c1aaaaf51f2f889cf
  depends:
  - __osx >=11.0
  - fontconfig >=2.18.3,<3.0a0
  - fonts-conda-ecosystem
  - icu >=78.3,<79.0a0
  - libcxx >=21
  - libexpat >=2.8.1,<3.0a0
  - libfreetype >=2.14.3
  - libfreetype6 >=2.14.3
  - libglib >=2.88.3,<3.0a0
  - libpng >=1.6.58,<1.7.0a0
  - libzlib >=1.3.2,<2.0a0
  - pixman >=0.46.4,<1.0a0
  license: LGPL-2.1-only or MPL-1.1
  purls: []
  run_exports:
    weak:
    - cairo >=1.18.4,<2.0a0
  size: 840110
  timestamp: 1788221324814
- conda: https://conda.anaconda.org/conda-forge/osx-arm64/contourpy-1.4.0-py313hcb059c8_1.conda
  sha256: e1f904be1929a4f2977bdeb85f11d6f8e0f37992c02aad7dcb05342250e8d3ff
  md5: 6990e9fdfc4c66bbfb864652f2608b39
  depends:
  - numpy >=2.0
  - python
  - __osx >=11.0
  - libcxx >=21
  - python_abi 3.13.* *_cp313
  license: BSD-3-Clause
  license_family: BSD
  purls:
  - pkg:pypi/contourpy?source=compressed-mapping
  run_exports: {}
  size: 290478
  timestamp: 1789746853722
- conda: https://conda.anaconda.org/conda-forge/osx-arm64/fontconfig-2.18.3-h81aa574_1.conda
  sha256: 004570d35fb0eff73ce3ae49b209a47622d0c2e580dd0dc4c61d59626b386a09
  md5: 8ac8cc3fe744b484de4387703134d8b2
  depends:
  - __osx >=11.0
  - libexpat >=2.8.1,<3.0a0
  - libfreetype >=2.14.3
  - libfreetype6 >=2.14.3
  - libintl >=0.25.1,<1.0a0
  - libzlib >=1.3.2,<2.0a0
  license: MIT
  license_family: MIT
  purls: []
  run_exports:
    weak:
    - fontconfig >=2.18.3,<3.0a0
    - fonts-conda-ecosystem
  size: 265659
  timestamp: 1786667932256
- conda: https://conda.anaconda.org/conda-forge/osx-arm64/fonttools-4.65.0-py313h8c536fb_0.conda
  sha256: 34bad1f4bba8ce39a42e2f698ca717ca217de5862bb537265fc63524f9e8fb2b
  md5: f2fd24895711ce89be042c35fdd149e2
  depends:
  - __osx >=11.0
  - brotli
  - munkres
  - python >=3.13,<3.14.0a0
  - python_abi 3.13.* *_cp313
  license: MIT
  license_family: MIT
  purls:
  - pkg:pypi/fonttools?source=compressed-mapping
  run_exports: {}
  size: 3003244
  timestamp: 1789076352877
- conda: https://conda.anaconda.org/conda-forge/osx-arm64/freetype-2.14.3-hce30654_2.conda
  sha256: 90681f1d0658cb2fd49a074f644eb4774272499290487a4bebb1c4df01d6997b
  md5: 2f4cc7dc2e6622591735c49dda1b92aa
  depends:
  - libfreetype 2.14.3 hce30654_2
  - libfreetype6 2.14.3 h2ed5691_2
  license: GPL-2.0-only OR FTL
  purls: []
  run_exports:
    weak:
    - libfreetype >=2.14.3
    - libfreetype6 >=2.14.3
  size: 175388
  timestamp: 1786641016583
- conda: https://conda.anaconda.org/conda-forge/osx-arm64/fribidi-1.0.16-hb001647_2.conda
  sha256: aff7bd01037dfbacb0661ef0435a224fe9fcda1d624895fb336107dd68e5bb34
  md5: b4397592e234554333719778bb01169e
  depends:
  - __osx >=11.0
  license: LGPL-2.1-or-later
  purls: []
  run_exports:
    weak:
    - fribidi >=1.0.16,<2.0a0
  size: 62379
  timestamp: 1788385614707
- conda: https://conda.anaconda.org/conda-forge/osx-arm64/graphite2-1.3.15-h784d473_1.conda
  sha256: 471f34a187fdb4f2df33e26f2e471b16c239a5b277903f643d9c3a8c9a9f44ec
  md5: 0c7b78d9ffff4f5a6ca28d346f734d8f
  depends:
  - libcxx >=19
  - __osx >=11.0
  license: LGPL-2.0-or-later
  license_family: LGPL
  purls: []
  run_exports:
    weak:
    - graphite2 >=1.3.15,<2.0a0
  size: 86493
  timestamp: 1786118637573
- conda: https://conda.anaconda.org/conda-forge/osx-arm64/icu-78.3-py310h579977c_2.conda
  sha256: 6cdb5dee54c72e56ab189fb3ad33cb28533553d42590e7e831160248f4416a43
  md5: a5efc0b42bb8b42e97d0a29ae3e3c187
  depends:
  - __osx >=11.0
  license: MIT
  license_family: MIT
  purls: []
  run_exports:
    weak:
    - icu >=78.3,<79.0a0
  size: 14070242
  timestamp: 1786545847761
- conda: https://conda.anaconda.org/conda-forge/osx-arm64/kiwisolver-1.5.1-py313h738389e_1.conda
  sha256: a94fbdf1974a51b8e4a32d1952f54b95095f7ff058988a94166119e99c504232
  md5: 24ee9d68fcbe92d1a6b8ac67b5e9dd80
  depends:
  - python
  - __osx >=11.0
  - python 3.13.* *_cp313
  - libcxx >=21
  - python_abi 3.13.* *_cp313
  license: BSD-3-Clause
  license_family: BSD
  purls:
  - pkg:pypi/kiwisolver?source=hash-mapping
  run_exports: {}
  size: 66486
  timestamp: 1788505929375
- conda: https://conda.anaconda.org/conda-forge/osx-arm64/lcms2-2.19.1-hce41798_3.conda
  sha256: 5f9b511f918e13dfddb8495c1764aec894b66c5a88359737aa302b8899ae25fa
  md5: 4eed1ee02ef1992c046f2e81d5606633
  depends:
  - __osx >=11.0
  - libjpeg-turbo >=3.2.0,<4.0a0
  - libtiff >=4.7.2,<4.8.0a0
  license: MIT
  license_family: MIT
  purls: []
  run_exports:
    weak:
    - lcms2 >=2.19.1,<3.0a0
  size: 212689
  timestamp: 1789052560432
- conda: https://conda.anaconda.org/conda-forge/osx-arm64/lerc-4.2.0-h1eee2c3_0.conda
  sha256: c97aa17d16d2ac332ba9f184e82ce8f72dcb10e9a10c5f299030be2d44e191b9
  md5: e429aec4037d5cb8fd34ded9f5dadd39
  depends:
  - __osx >=11.0
  - libcxx >=19
  license: Apache-2.0
  license_family: Apache
  purls: []
  run_exports:
    weak:
    - lerc >=4.2.0,<5.0a0
  size: 166477
  timestamp: 1785036480092
- conda: https://conda.anaconda.org/conda-forge/osx-arm64/libblas-3.11.0-11_h51639a9_openblas.conda
  build_number: 11
  sha256: 718c3e1a16ad946caeeba041520dc18b7af461226bd8c28faef78b181920dbb4
  md5: 364639b771dbb4ede335d965f55a23ac
  depends:
  - libopenblas >=0.3.34,<0.3.35.0a0
  - libopenblas >=0.3.34,<1.0a0
  constrains:
  - blas 2.311   openblas
  - libcblas   3.11.0   11*_openblas
  - liblapack  3.11.0   11*_openblas
  - liblapacke 3.11.0   11*_openblas
  - mkl <2027
  license: BSD-3-Clause
  license_family: BSD
  purls: []
  run_exports:
    weak:
    - libblas >=3.11.0,<4.0a0
  size: 18300
  timestamp: 1789061064192
- conda: https://conda.anaconda.org/conda-forge/osx-arm64/libbrotlicommon-1.2.0-h1dcdb26_4.conda
  sha256: 8a6e4789a6049dabb41c6fcaf6719232245484d81dfeb199b5abdb95c84c9fc2
  md5: 8f3981871d167a6cd323e636e1929dd4
  depends:
  - __osx >=11.0
  license: MIT
  license_family: MIT
  purls: []
  run_exports:
    weak:
    - libbrotlicommon >=1.2.0,<1.3.0a0
  size: 79648
  timestamp: 1788480342707
- conda: https://conda.anaconda.org/conda-forge/osx-arm64/libbrotlidec-1.2.0-h5295a6a_4.conda
  sha256: 4e1f5989561de4546209b42c935795a41fa4265e0b670861480f1adffec623a8
  md5: da537a1643ef3e13bdccf16cca206f2c
  depends:
  - __osx >=11.0
  - libbrotlicommon 1.2.0 h1dcdb26_4
  license: MIT
  license_family: MIT
  purls: []
  run_exports:
    weak:
    - libbrotlidec >=1.2.0,<1.3.0a0
  size: 29864
  timestamp: 1788480352084
- conda: https://conda.anaconda.org/conda-forge/osx-arm64/libbrotlienc-1.2.0-h2ddc9cb_4.conda
  sha256: 4d2da97825b221054a39f492e4dffe361e1931c8381d0367f1e0598a50d02f34
  md5: 39a25d500b191c16996239c4afa104f1
  depends:
  - __osx >=11.0
  - libbrotlicommon 1.2.0 h1dcdb26_4
  license: MIT
  license_family: MIT
  purls: []
  run_exports:
    weak:
    - libbrotlienc >=1.2.0,<1.3.0a0
  size: 295505
  timestamp: 1788480359341
- conda: https://conda.anaconda.org/conda-forge/osx-arm64/libcblas-3.11.0-11_hb0561ab_openblas.conda
  build_number: 11
  sha256: 3cebd672d8bd7c776a381422ea3fc48131343aeda2879974734715ac6a05c292
  md5: 73bde7d713e790b3168707e02102e87b
  depends:
  - libblas 3.11.0 11_h51639a9_openblas
  constrains:
  - blas 2.311   openblas
  - liblapack  3.11.0   11*_openblas
  - liblapacke 3.11.0   11*_openblas
  license: BSD-3-Clause
  license_family: BSD
  purls: []
  run_exports:
    weak:
    - libcblas >=3.11.0,<4.0a0
  size: 18324
  timestamp: 1789061068736
- conda: https://conda.anaconda.org/conda-forge/osx-arm64/libcxx-23.1.1-h55c6f16_0.conda
  sha256: 3f902803f0fc2643a4f82ff15a06811d974ff5fb6fa8f957720a7ef84e13ad98
  md5: b61106a0b5ac7cfe874f8b2e4f067dfa
  depends:
  - __osx >=11.0
  license: Apache-2.0 WITH LLVM-exception
  license_family: Apache
  purls: []
  run_exports: {}
  size: 578565
  timestamp: 1788869180613
- conda: https://conda.anaconda.org/conda-forge/osx-arm64/libdeflate-1.25-he7e0567_1.conda
  sha256: d896f4aa4ce4c590c2838678cb1917356fdb461d2a189991c0280c818c362172
  md5: 78650d671cb56909bb3e5c13bce310f9
  depends:
  - __osx >=11.0
  license: MIT
  license_family: MIT
  purls: []
  run_exports:
    weak:
    - libdeflate >=1.25,<1.26.0a0
  size: 55727
  timestamp: 1785909153744
- conda: https://conda.anaconda.org/conda-forge/osx-arm64/libexpat-2.8.1-hf6b4638_1.conda
  sha256: 5af74261101e3c777399c6294b2b5d290e508153268eb2e9ff99c4d69834612f
  md5: a915151d5d3c5bf039f5ccc8402a436f
  depends:
  - __osx >=11.0
  constrains:
  - expat 2.8.1.*
  license: MIT
  license_family: MIT
  purls: []
  run_exports: {}
  size: 69362
  timestamp: 1781203631990
- conda: https://conda.anaconda.org/conda-forge/osx-arm64/libffi-3.7.0-h47dc5ef_1.conda
  sha256: 2783389a7b9dda04c62cc54c6bbeb03dd3cef24b3fc642715d02a3fa19464a9a
  md5: 216bbcc23c11e9695b3db4a8771d76eb
  depends:
  - __osx >=11.0
  license: MIT
  license_family: MIT
  purls: []
  run_exports:
    weak:
    - libffi >=3.7.0,<3.8.0a0
  size: 43637
  timestamp: 1787753403688
- conda: https://conda.anaconda.org/conda-forge/osx-arm64/libfreetype-2.14.3-hce30654_2.conda
  sha256: 19ce8bd320414cb6b9889ecbf48a3ded848b0d1068b76ff6bea099bd7387d6f3
  md5: ee1fc5bba400ff0cae27fbf141a1ae0c
  depends:
  - libfreetype6 >=2.14.3
  license: GPL-2.0-only OR FTL
  purls: []
  run_exports: {}
  size: 8367
  timestamp: 1786641013393
- conda: https://conda.anaconda.org/conda-forge/osx-arm64/libfreetype6-2.14.3-h2ed5691_2.conda
  sha256: d9b203d6484ad491b5b5f33d49a9d7a91189d776a9adae53d2b63af18ec11e6a
  md5: 881cfb44ea02cc9849f612725a959660
  depends:
  - __osx >=11.0
  - libpng >=1.6.58,<1.7.0a0
  - libzlib >=1.3.2,<2.0a0
  constrains:
  - freetype >=2.14.3
  license: GPL-2.0-only OR FTL
  purls: []
  run_exports: {}
  size: 340923
  timestamp: 1786641012794
- conda: https://conda.anaconda.org/conda-forge/osx-arm64/libgcc-16.2.0-h3cf6597_5.conda
  sha256: f1bb2e00832ccfb67fcf66e01005e47d55db2c993a3de7c7b3d07b88edb5ef41
  md5: 90408ee3891a10f54795b45927b41666
  depends:
  - _openmp_mutex
  constrains:
  - libgcc-ng ==16.2.0=*_5
  - libgomp 16.2.0 5
  license: GPL-3.0-only WITH GCC-exception-3.1
  license_family: GPL
  purls: []
  run_exports: {}
  size: 365714
  timestamp: 1789485572279
- conda: https://conda.anaconda.org/conda-forge/osx-arm64/libgfortran-16.2.0-h07b0088_5.conda
  sha256: 8afe97e015b025e71823d8195da6b97c9177b0dedc2d5072fe15ec0f39086f25
  md5: 592ca0c6b8c4e1952fc28dbec011a86b
  depends:
  - libgfortran5 16.2.0 hdb7a957_5
  constrains:
  - libgfortran-ng ==16.2.0=*_5
  license: GPL-3.0-only WITH GCC-exception-3.1
  license_family: GPL
  purls: []
  run_exports: {}
  size: 99933
  timestamp: 1789485673521
- conda: https://conda.anaconda.org/conda-forge/osx-arm64/libgfortran5-16.2.0-hdb7a957_5.conda
  sha256: e0046e236fefb28cdb93edda0acea93199f4f867a1925c26d3f5f0574d8d79c7
  md5: e4e2987faf21e97c1a8d91f57c79818d
  depends:
  - libgcc >=16.2.0
  constrains:
  - libgfortran 16.2.0
  license: GPL-3.0-only WITH GCC-exception-3.1
  license_family: GPL
  purls: []
  run_exports: {}
  size: 554489
  timestamp: 1789485578946
- conda: https://conda.anaconda.org/conda-forge/osx-arm64/libglib-2.90.0-hccd281b_0.conda
  sha256: 4ec64c476881b31f211842952f192208a3af0925a596da227f4d97fb9a63e0ac
  md5: 8f63a5f35547d0c6d819830ebe0d3245
  depends:
  - __osx >=11.0
  - libintl >=0.25.1,<1.0a0
  - libzlib >=1.3.2,<2.0a0
  - libffi >=3.7.0,<3.8.0a0
  - libiconv >=1.18,<2.0a0
  - pcre2 >=10.47,<10.48.0a0
  constrains:
  - glib >2.66
  license: LGPL-2.1-or-later
  purls: []
  run_exports:
    weak:
    - libglib >=2.90.0,<3.0a0
  size: 4489939
  timestamp: 1789478088421
- conda: https://conda.anaconda.org/conda-forge/osx-arm64/libharfbuzz-14.4.0-hcda0f7c_1.conda
  sha256: a13bee65e7bcbc14b228351d3d5ba00d0c17c5840c471ab67a28b8ca930456d3
  md5: 4afba4fae30b467d6c699bb685fa35ce
  depends:
  - __osx >=11.0
  - cairo >=1.18.4,<2.0a0
  - graphite2 >=1.3.15,<2.0a0
  - icu >=78.3,<79.0a0
  - libcxx >=21
  - libfreetype >=2.14.3
  - libfreetype6 >=2.14.3
  - libglib >=2.88.3,<3.0a0
  - libpng >=1.6.58,<1.7.0a0
  - libzlib >=1.3.2,<2.0a0
  license: MIT
  license_family: MIT
  purls: []
  run_exports: {}
  size: 973351
  timestamp: 1788405475876
- conda: https://conda.anaconda.org/conda-forge/osx-arm64/libiconv-1.18-he4c29f2_3.conda
  sha256: 689a14968267f2f97c07112fca5636e7d756036b9aee969911267c20bd3eea1f
  md5: 17f4744c0873e9f77ac9b5cd0a27c187
  depends:
  - __osx >=11.0
  license: LGPL-2.1-only
  purls: []
  run_exports:
    weak:
    - libiconv >=1.18,<2.0a0
  size: 750816
  timestamp: 1787033961086
- conda: https://conda.anaconda.org/conda-forge/osx-arm64/libintl-0.25.1-h493aca8_0.conda
  sha256: 99d2cebcd8f84961b86784451b010f5f0a795ed1c08f1e7c76fbb3c22abf021a
  md5: 5103f6a6b210a3912faf8d7db516918c
  depends:
  - __osx >=11.0
  - libiconv >=1.18,<2.0a0
  license: LGPL-2.1-or-later
  purls: []
  run_exports:
    weak:
    - libintl >=0.25.1,<1.0a0
  size: 90957
  timestamp: 1751558394144
- conda: https://conda.anaconda.org/conda-forge/osx-arm64/libjpeg-turbo-3.2.0-h84a0fba_1.conda
  sha256: 05006418f9392c9b723e8428808db106de0350a497832f95f921b85ff1072310
  md5: b2f8c8e5a7651a1d7c05404c3a159517
  depends:
  - __osx >=11.0
  constrains:
  - jpeg <0.0.0a
  license: IJG AND BSD-3-Clause AND Zlib
  purls: []
  run_exports:
    weak:
    - libjpeg-turbo >=3.2.0,<4.0a0
  size: 558459
  timestamp: 1785896382474
- conda: https://conda.anaconda.org/conda-forge/osx-arm64/liblapack-3.11.0-11_hd9741b5_openblas.conda
  build_number: 11
  sha256: e7697df761eeb243272801a8c883dc1de6018a7f738746b443ef1396f0a78075
  md5: d67ef1462e77d20cd3e0d27c876c3c9a
  depends:
  - libblas 3.11.0 11_h51639a9_openblas
  constrains:
  - blas 2.311   openblas
  - libcblas   3.11.0   11*_openblas
  - liblapacke 3.11.0   11*_openblas
  license: BSD-3-Clause
  license_family: BSD
  purls: []
  run_exports:
    weak:
    - liblapack >=3.11.0,<3.12.0a0
  size: 18284
  timestamp: 1789061072707
- conda: https://conda.anaconda.org/conda-forge/osx-arm64/liblzma-5.8.3-h8088a28_1.conda
  sha256: 23d0630046a3e8b164d8f80f2b74ed2605af2e7050ab9913018056402fae4311
  md5: 8ab10323068b107661a4b9a4af84f3b5
  depends:
  - __osx >=11.0
  constrains:
  - xz 5.8.3.*
  license: 0BSD
  purls: []
  run_exports:
    weak:
    - liblzma >=5.8.3,<6.0a0
  size: 91720
  timestamp: 1786348695846
- conda: https://conda.anaconda.org/conda-forge/osx-arm64/libmpdec-4.0.0-h84a0fba_2.conda
  sha256: 04cc136c5a956a73aa14e0a160b5822b0b29714e67b299fa1b1fd16dbcba5366
  md5: ff33a4dbd93abc8a798cc4e0e7c8136d
  depends:
  - __osx >=11.0
  license: BSD-2-Clause
  license_family: BSD
  purls: []
  run_exports: {}
  size: 73289
  timestamp: 1786651074391
- conda: https://conda.anaconda.org/conda-forge/osx-arm64/libopenblas-0.3.34-openmp_h5e6e99c_1.conda
  sha256: 18f167fdaa26f67a123c59766f4730b41866d2c0920b5c29d74a93d3a2e92a96
  md5: 9c874eb9d4441a658ef3acf6ac56dc3e
  depends:
  - __osx >=11.0
  - libgcc >=15
  - libgfortran
  - libgfortran5 >=15.3.0
  - llvm-openmp >=21.1.8
  constrains:
  - openblas >=0.3.34,<0.3.35.0a0
  license: BSD-3-Clause
  license_family: BSD
  purls: []
  run_exports:
    weak:
    - libopenblas >=0.3.34,<1.0a0
  size: 4249236
  timestamp: 1789023664380
- conda: https://conda.anaconda.org/conda-forge/osx-arm64/libpng-1.6.58-hf5e6511_1.conda
  sha256: f88da60b348ee1f3e1a9c20fe02142fdafe889f08da0b1cc33c1f3f14460239d
  md5: e0466c58fd07db190b9a81b5e58539f2
  depends:
  - __osx >=11.0
  - libzlib >=1.3.2,<2.0a0
  license: zlib-acknowledgement
  purls: []
  run_exports:
    weak:
    - libpng >=1.6.58,<1.7.0a0
  size: 290219
  timestamp: 1786616561185
- conda: https://conda.anaconda.org/conda-forge/osx-arm64/libpython-3.13.15-hb350d79_103_cp313.conda
  build_number: 103
  sha256: 37ab69e6bf35ff7321dae4473e34a7fa51eaa038f6f9bddef8a5c0eab8321534
  md5: f45d325d3a8739b81d47a8288b6357e2
  depends:
  - __osx >=11.0
  - libcxx >=21
  license: Python-2.0
  purls: []
  run_exports: {}
  size: 1825598
  timestamp: 1788386355896
- conda: https://conda.anaconda.org/conda-forge/osx-arm64/libraqm-0.11.0-h45af499_0.conda
  sha256: b110f7f9b2cec61ea793c521950414e00cd64826e18aeb4ab40369acf05c0039
  md5: 46ea0eb4e71bffa35ab7070678bcb053
  depends:
  - __osx >=11.0
  - libfreetype >=2.14.3
  - libfreetype6 >=2.14.3
  - libharfbuzz >=14.2.1
  - fribidi >=1.0.16,<2.0a0
  license: MIT
  license_family: MIT
  purls: []
  run_exports:
    weak:
    - libraqm >=0.11.0,<0.12.0a0
  size: 31333
  timestamp: 1784850348342
- conda: https://conda.anaconda.org/conda-forge/osx-arm64/libsqlite-3.53.4-hca69786_1.conda
  sha256: 839b31d4830e896b4d315b551d27f2bb08026bc946df04bcc360d8627c3ba2cd
  md5: fde96d40ebe9a9cb34e4122380189ddb
  depends:
  - __osx >=11.0
  - icu >=78.3,<79.0a0
  - libzlib >=1.3.2,<2.0a0
  license: blessing
  purls: []
  run_exports:
    weak:
    - libsqlite >=3.53.4,<4.0a0
  size: 942754
  timestamp: 1787051243846
- conda: https://conda.anaconda.org/conda-forge/osx-arm64/libtiff-4.7.2-hf67920b_1.conda
  sha256: 847d22a86ae28f66d3888702698254d25bb4eac3a0f64c1fabfb1842ac00be4c
  md5: b6b191267455bf202af79f973690ed5d
  depends:
  - __osx >=11.0
  - lerc >=4.2.0,<5.0a0
  - libcxx >=21
  - libdeflate >=1.25,<1.26.0a0
  - libjpeg-turbo >=3.2.0,<4.0a0
  - liblzma >=5.8.3,<6.0a0
  - libwebp-base >=1.6.0,<2.0a0
  - libzlib >=1.3.2,<2.0a0
  - zstd >=1.5.7,<1.6.0a0
  license: HPND
  purls: []
  run_exports:
    weak:
    - libtiff >=4.7.2,<4.8.0a0
  size: 380645
  timestamp: 1787756067271
- conda: https://conda.anaconda.org/conda-forge/osx-arm64/libwebp-base-1.6.0-h202fb40_1.conda
  sha256: 0ff54650d470c7e54cbeffdd53a8c063e055a7bcf784388c0385ce5c4741b0f4
  md5: 168a13e329259710b28277abc1395b8e
  depends:
  - __osx >=11.0
  constrains:
  - libwebp 1.6.0
  license: BSD-3-Clause
  license_family: BSD
  purls: []
  run_exports:
    weak:
    - libwebp-base >=1.6.0,<2.0a0
  size: 294522
  timestamp: 1785955350410
- conda: https://conda.anaconda.org/conda-forge/osx-arm64/libxcb-1.17.0-hbffa61f_2.conda
  sha256: f55c15b66c8ae27d8e30445193acc049b280eb51a47d6f1753bed5ac2937a217
  md5: 786c0680e77665d1938ce9cdd7cf82a7
  depends:
  - __osx >=11.0
  - pthread-stubs
  - xorg-libxau >=1.0.12,<2.0a0
  - xorg-libxdmcp >=1.1.5,<2.0a0
  license: MIT
  license_family: MIT
  purls: []
  run_exports:
    weak:
    - libxcb >=1.17.0,<2.0a0
  size: 324234
  timestamp: 1787885764666
- conda: https://conda.anaconda.org/conda-forge/osx-arm64/libzlib-1.3.2-h8088a28_3.conda
  sha256: a18fa5d5bac452401459f966cf0d872224e8080c4ff93c77e168d43ab42ef9d7
  md5: f39288f0ea63ae962e1a2e4f355a0d75
  depends:
  - __osx >=11.0
  constrains:
  - zlib 1.3.2 *_3
  license: Zlib
  license_family: Other
  purls: []
  run_exports:
    weak:
    - libzlib >=1.3.2,<2.0a0
  size: 47822
  timestamp: 1785277049190
- conda: https://conda.anaconda.org/conda-forge/osx-arm64/llvm-openmp-23.1.1-hdb3d66b_0.conda
  sha256: 012e606dc31de2e4e173636a2ec13bc9b075498015cb65605b29e4f0bb9e481b
  md5: 22ecd4403fcaf2fbbafa2cd53a0e0f0c
  depends:
  - __osx >=11.0
  constrains:
  - intel-openmp <0.0a0
  - openmp 23.1.1|23.1.1.*
  license: Apache-2.0 WITH LLVM-exception
  license_family: APACHE
  purls: []
  run_exports:
    strong:
    - llvm-openmp >=23.1.1
  size: 287782
  timestamp: 1788967337071
- conda: https://conda.anaconda.org/conda-forge/osx-arm64/matplotlib-3.11.2-py313h8db8848_1.conda
  sha256: 86878cb69296d91e5b69ccc98f97344edd752c5a1f647b42d78eea2b01677bf0
  md5: 80d926458b4f72720151bcb87af43027
  depends:
  - matplotlib-base >=3.11.2,<3.11.3.0a0
  - python >=3.13,<3.14.0a0
  - python_abi 3.13.* *_cp313
  - tornado >=5
  license: PSF-2.0
  license_family: PSF
  purls:
  - pkg:pypi/matplotlib?source=compressed-mapping
  run_exports: {}
  size: 14996
  timestamp: 1789824056581
- conda: https://conda.anaconda.org/conda-forge/osx-arm64/matplotlib-base-3.11.2-py313h6702c6e_1.conda
  sha256: 1266850efab4e676e27bb6c38bc2003fe0f32b52f5368d674765d363c62e0d35
  md5: 84d1779dd730528ab8714d6745542cf8
  depends:
  - __osx >=11.0
  - contourpy >=1.0.1
  - cycler >=0.10
  - fonttools >=4.28.2
  - freetype
  - kiwisolver >=1.3.1
  - libcxx >=21
  - libfreetype >=2.14.3
  - libfreetype6 >=2.14.3
  - libraqm >=0.11.0,<0.12.0a0
  - numpy >=1.25
  - numpy >=1.25,<3
  - packaging >=20.0
  - pillow >=9
  - pyparsing >=3
  - python >=3.13,<3.14.0a0
  - python-dateutil >=2.7
  - python_abi 3.13.* *_cp313
  - qhull >=2020.2,<2020.3.0a0
  license: PSF-2.0
  license_family: PSF
  purls:
  - pkg:pypi/matplotlib?source=compressed-mapping
  run_exports: {}
  size: 8611320
  timestamp: 1789824045031
- conda: https://conda.anaconda.org/conda-forge/osx-arm64/ncurses-6.6-he64c551_1.conda
  sha256: 7024a48c8c0d0114ed4ab53c76bf9275d50e91ba7cea367a9aead638d3c29c68
  md5: 3dfa0d0316dc246cd44937a557de4501
  depends:
  - __osx >=11.0
  license: X11 AND BSD-3-Clause
  purls: []
  run_exports:
    weak:
    - ncurses >=6.6,<7.0a0
  size: 804298
  timestamp: 1786355189145
- conda: https://conda.anaconda.org/conda-forge/osx-arm64/numpy-2.5.3-py313h24c19cf_0.conda
  sha256: a1385f7102f9ec315937972c0982cc82497ac35ff5bc137081eb0bc475cfb808
  md5: 325c8528b31c37329597b79f98e0bd8b
  depends:
  - python
  - libcxx >=21
  - __osx >=11.0
  - libcblas >=3.9.0,<4.0a0
  - python_abi 3.13.* *_cp313
  - libblas >=3.9.0,<4.0a0
  - liblapack >=3.9.0,<4.0a0
  constrains:
  - numpy-base <0a0
  license: BSD-3-Clause
  license_family: BSD
  purls:
  - pkg:pypi/numpy?source=hash-mapping
  run_exports:
    weak:
    - numpy >=1.25,<3
  size: 7205662
  timestamp: 1788731998341
- conda: https://conda.anaconda.org/conda-forge/osx-arm64/openjpeg-2.5.4-h4d1e80c_2.conda
  sha256: e71bd04b5d0e39f39a3c039d021d3b76cd65bee3032e7f859ab7082f0ace8be5
  md5: 487d92910109a711fdb77631bf1aabf0
  depends:
  - __osx >=11.0
  - libcxx >=21
  - libtiff >=4.7.2,<4.8.0a0
  - libzlib >=1.3.2,<2.0a0
  - libpng >=1.6.58,<1.7.0a0
  license: BSD-2-Clause
  license_family: BSD
  purls: []
  run_exports:
    weak:
    - openjpeg >=2.5.4,<3.0a0
  size: 377958
  timestamp: 1788425205328
- conda: https://conda.anaconda.org/conda-forge/osx-arm64/openssl-3.6.4-h55eecbc_0.conda
  sha256: f23239eacd75c4c50705e68fae1aa3292da473e6a3a4abe2330f1e6afa680704
  md5: ae71ab40048c19a389a7dcccb86c2481
  depends:
  - __osx >=11.0
  - ca-certificates
  license: Apache-2.0
  license_family: Apache
  purls: []
  run_exports:
    weak:
    - openssl >=3.6.4,<4.0a0
  size: 3110142
  timestamp: 1787698648639
- conda: https://conda.anaconda.org/conda-forge/osx-arm64/pandas-3.0.5-py313h1188861_1.conda
  sha256: 138bce01c27ce6888b71f62c3e4305ad4656aaeeb921f9544715d30cadc686e8
  md5: 3dc3442d4ce65f4282eb58fc3409a708
  depends:
  - python
  - numpy >=1.26.0
  - python-dateutil >=2.8.2
  - __osx >=11.0
  - python 3.13.* *_cp313
  - libcxx >=19
  - numpy >=1.23,<3
  - python_abi 3.13.* *_cp313
  constrains:
  - adbc-driver-postgresql >=1.2.0
  - adbc-driver-sqlite >=1.2.0
  - beautifulsoup4 >=4.12.3
  - blosc >=1.21.3
  - bottleneck >=1.4.2
  - fastparquet >=2024.11.0
  - fsspec >=2024.10.0
  - gcsfs >=2024.10.0
  - html5lib >=1.1
  - hypothesis >=6.116.0
  - jinja2 >=3.1.5
  - lxml >=5.3.0
  - matplotlib >=3.9.3
  - numba >=0.60.0
  - numexpr >=2.10.2
  - odfpy >=1.4.1
  - openpyxl >=3.1.5
  - psycopg2 >=2.9.10
  - pyarrow >=13.0.0
  - pyiceberg >=0.8.1
  - pymysql >=1.1.1
  - pyqt5 >=5.15.9
  - pyreadstat >=1.2.8
  - pytables >=3.10.1
  - pytest >=8.3.4
  - pytest-xdist >=3.6.1
  - python-calamine >=0.3.0
  - pytz >=2024.2
  - pyxlsb >=1.0.10
  - qtpy >=2.4.2
  - scipy >=1.14.1
  - s3fs >=2024.10.0
  - sqlalchemy >=2.0.36
  - tabulate >=0.9.0
  - xarray >=2024.10.0
  - xlrd >=2.0.1
  - xlsxwriter >=3.2.0
  - zstandard >=0.23.0
  license: BSD-3-Clause
  license_family: BSD
  purls:
  - pkg:pypi/pandas?source=hash-mapping
  run_exports: {}
  size: 14090101
  timestamp: 1785276372103
- conda: https://conda.anaconda.org/conda-forge/osx-arm64/pcre2-10.47-he63d830_1.conda
  sha256: f8c415329b542e1fca1ff2917b80e687c18302dfa0353530668b90cb225b494f
  md5: 5ab90033816cbe4097e8a297e5179f67
  depends:
  - __osx >=11.0
  - bzip2 >=1.0.8,<2.0a0
  - libzlib >=1.3.2,<2.0a0
  license: BSD-3-Clause
  license_family: BSD
  purls: []
  run_exports:
    weak:
    - pcre2 >=10.47,<10.48.0a0
  size: 851704
  timestamp: 1787294559157
- conda: https://conda.anaconda.org/conda-forge/osx-arm64/pillow-12.3.0-py313h4ede67f_4.conda
  sha256: 46da06375555b512905685d89e86135aefff1a25576c5c6c81381edf75fb0f0b
  md5: e41cf4a049ffc3dadaec3a8cc94d1b83
  depends:
  - python
  - __osx >=11.0
  - zlib-ng >=2.3.3,<2.4.0a0
  - tk >=8.6.13,<8.7.0a0
  - openjpeg >=2.5.4,<3.0a0
  - python_abi 3.13.* *_cp313
  - lcms2 >=2.19.1,<3.0a0
  - libtiff >=4.7.2,<4.8.0a0
  - libxcb >=1.17.0,<2.0a0
  - libwebp-base >=1.6.0,<2.0a0
  - libfreetype >=2.14.3
  - libfreetype6 >=2.14.3
  - libjpeg-turbo >=3.2.0,<4.0a0
  license: HPND
  purls:
  - pkg:pypi/pillow?source=compressed-mapping
  run_exports: {}
  size: 996740
  timestamp: 1789122697364
- conda: https://conda.anaconda.org/conda-forge/osx-arm64/pixman-0.46.4-h784d473_3.conda
  sha256: 4779cd57231ce2e96fac643fcbdd4a6f51a57986264545445574e9c4acf526d3
  md5: 9a99c0b60efe41c194d01c182d000733
  depends:
  - __osx >=11.0
  - libcxx >=19
  license: MIT
  license_family: MIT
  purls: []
  run_exports:
    weak:
    - pixman >=0.46.4,<1.0a0
  size: 198717
  timestamp: 1786106922508
- conda: https://conda.anaconda.org/conda-forge/osx-arm64/pthread-stubs-0.4-hb001647_1004.conda
  sha256: 3f79452dbda3febaf7053486e4844fa945accf4d74eac4169e2c4d5dc5e4dd0b
  md5: f0833c4a0b68798f50935dd83384c705
  depends:
  - __osx >=11.0
  license: MIT
  license_family: MIT
  purls: []
  run_exports: {}
  size: 9662
  timestamp: 1788382422327
- conda: https://conda.anaconda.org/conda-forge/osx-arm64/python-3.13.15-hb59dee6_103_cp313.conda
  build_number: 103
  sha256: a7da2b4f09ca2e5bf0fa8137bd614c6fc222b6ebef55ef09f1559dfbb8265c00
  md5: 4745cefb2d63de33e85b73cbae7ff9d2
  depends:
  - __osx >=11.0
  - bzip2 >=1.0.8,<2.0a0
  - libexpat >=2.8.1,<3.0a0
  - libffi >=3.7.0,<3.8.0a0
  - liblzma >=5.8.3,<6.0a0
  - libmpdec >=4.0.0,<5.0a0
  - libpython 3.13.15 hb350d79_103_cp313
  - libsqlite >=3.53.4,<4.0a0
  - libzlib >=1.3.2,<2.0a0
  - ncurses >=6.6,<7.0a0
  - openssl >=3.5.8,<4.0a0
  - python_abi 3.13.* *_cp313
  - readline >=8.3,<9.0a0
  - tk >=8.6.13,<8.7.0a0
  - tzdata
  license: Python-2.0
  purls: []
  run_exports:
    weak:
    - python_abi 3.13.* *_cp313
    noarch:
    - python
  size: 11877537
  timestamp: 1788386386712
  python_site_packages_path: lib/python3.13/site-packages
- conda: https://conda.anaconda.org/conda-forge/osx-arm64/qhull-2020.2-h420ef59_5.conda
  sha256: 873ac689484262a51fd79bc6103c1a1bedbf524924d7f0088fb80703042805e4
  md5: 6483b1f59526e05d7d894e466b5b6924
  depends:
  - __osx >=11.0
  - libcxx >=16
  license: LicenseRef-Qhull
  purls: []
  run_exports:
    weak:
    - qhull >=2020.2,<2020.3.0a0
  size: 516376
  timestamp: 1720814307311
- conda: https://conda.anaconda.org/conda-forge/osx-arm64/readline-8.3-h8b90a29_1.conda
  sha256: d6782b430e6dce4fe8c7ac118cd988d5a193eb4a7f60741edfaede58016b6110
  md5: 9347fd56a002e6b58946831d48fe62f6
  depends:
  - __osx >=11.0
  - ncurses >=6.6,<7.0a0
  license: GPL-3.0-only
  license_family: GPL
  purls: []
  run_exports:
    weak:
    - readline >=8.3,<9.0a0
  size: 314395
  timestamp: 1787033878899
- conda: https://conda.anaconda.org/conda-forge/osx-arm64/tk-8.6.13-hbeba79b_4.conda
  sha256: 857d89087ae7f2c328cf256728affcb7343031a148b4af847334d248a9cf564c
  md5: 90a01bf394d1c594e0eb9258f967d828
  depends:
  - __osx >=11.0
  - libzlib >=1.3.2,<2.0a0
  license: TCL
  purls: []
  run_exports:
    weak:
    - tk >=8.6.13,<8.7.0a0
  size: 3342183
  timestamp: 1787272852357
- conda: https://conda.anaconda.org/conda-forge/osx-arm64/tornado-6.5.8-py313hf5449f0_2.conda
  sha256: 5421af635a3c43a7cddc6e443f43bec7e91242aeba2ae39e5325c45c5530b741
  md5: fc02879188da8a491ff092a0ca24059e
  depends:
  - __osx >=11.0
  - python >=3.13,<3.14.0a0
  - python >=3.13,<3.14.0a0 *_cp313
  - python_abi 3.13.* *_cp313
  license: Apache-2.0
  license_family: Apache
  purls:
  - pkg:pypi/tornado?source=compressed-mapping
  run_exports: {}
  size: 894242
  timestamp: 1789077665858
- conda: https://conda.anaconda.org/conda-forge/osx-arm64/xorg-libxau-1.0.12-hb001647_2.conda
  sha256: cde7cecabb662b435e6537591e5845e870a0648887542d3e538c9f6c20dd6be5
  md5: 610f557e75d6a0d3f676914da5822227
  depends:
  - __osx >=11.0
  license: MIT
  license_family: MIT
  purls: []
  run_exports:
    weak:
    - xorg-libxau >=1.0.12,<2.0a0
  size: 17325
  timestamp: 1788960997645
- conda: https://conda.anaconda.org/conda-forge/osx-arm64/xorg-libxdmcp-1.1.5-hb001647_2.conda
  sha256: 30240b39d7b956e8f7a8231ffa0c1fce097124e40b3eb48a523d13d3937e3194
  md5: 14a26fe87734f988eed32abf6afd4c3e
  depends:
  - __osx >=11.0
  license: MIT
  license_family: MIT
  purls: []
  run_exports:
    weak:
    - xorg-libxdmcp >=1.1.5,<2.0a0
  size: 21021
  timestamp: 1789677329602
- conda: https://conda.anaconda.org/conda-forge/osx-arm64/zlib-ng-2.3.3-h31dac16_1.conda
  sha256: 489a29915a3e1b425cff4df10a448f55bbaaf29d777a0f8a9e381444e6a284f1
  md5: 4621ded2fd5b36f51454d5f81bff4ec1
  depends:
  - __osx >=11.0
  - libcxx >=21
  license: Zlib
  license_family: Other
  purls: []
  run_exports:
    weak:
    - zlib-ng >=2.3.3,<2.4.0a0
  size: 95857
  timestamp: 1786737243497
- conda: https://conda.anaconda.org/conda-forge/osx-arm64/zstd-1.5.7-hf451053_7.conda
  sha256: da867f5092eb0cb746d353694f0098031fd9817a4ce7d5743121209ae0f406ca
  md5: 4ec2684c73812cc2c3d78379384a39cc
  depends:
  - __osx >=11.0
  - libzlib >=1.3.2,<2.0a0
  license: BSD-3-Clause
  license_family: BSD
  purls: []
  run_exports:
    weak:
    - zstd >=1.5.7,<1.6.0a0
  size: 433687
  timestamp: 1786599629846
- pypi: https://files.pythonhosted.org/packages/58/50/6c0d534c5f134586a8e1ba4e330569e32f057e33372ae556463212fb4cd3/click-8.5.0-py3-none-any.whl
  name: click
  version: 8.5.0
  sha256: 255bc9599cf7748b4b1a446ccc735421bd08a2ae529a8b88597d3de5664ee360
  requires_python: '>=3.10'
